
Microsoft Visual Studio Solution File, Format Version 12.00
# Visual Studio Version 16
VisualStudioVersion = 16.0.31515.178
MinimumVisualStudioVersion = 10.0.40219.1
Project("{FAE04EC0-301F-11D3-BF4B-00C04F79EFBC}") = "Animation Speed Calculator", "Animation Speed Calculator.csproj", "{017A331D-5E3A-4F58-8987-3E778C1B7A91}"
EndProject
Global
	GlobalSection(SolutionConfigurationPlatforms) = preSolution
		Debug|Any CPU = Debug|Any CPU
		Release|Any CPU = Release|Any CPU
	EndGlobalSection
	GlobalSection(ProjectConfigurationPlatforms) = postSolution
		{017A331D-5E3A-4F58-8987-3E778C1B7A91}.Debug|Any CPU.ActiveCfg = Debug|Any CPU
		{017A331D-5E3A-4F58-8987-3E778C1B7A91}.Debug|Any CPU.Build.0 = Debug|Any CPU
		{017A331D-5E3A-4F58-8987-3E778C1B7A91}.Release|Any CPU.ActiveCfg = Release|Any CPU
		{017A331D-5E3A-4F58-8987-3E778C1B7A91}.Release|Any CPU.Build.0 = Release|Any CPU
	EndGlobalSection
	GlobalSection(SolutionProperties) = preSolution
		HideSolutionNode = FALSE
	EndGlobalSection
	GlobalSection(ExtensibilityGlobals) = postSolution
		SolutionGuid = {851DBB26-F169-4E04-B16A-E933B8EB7678}
	EndGlobalSection
EndGlobal
